
Microsoft Visual Studio Solution File, Format Version 12.00
# Visual Studio Version 16
VisualStudioVersion = 16.0.33927.289
MinimumVisualStudioVersion = 10.0.40219.1
Project("{2150E333-8FDC-42A3-9474-1A3956D46DE8}") = "Task0", "Task0", "{BE5175AF-6179-47F5-A076-04BF9AF1631A}"
EndProject
Project("{FAE04EC0-301F-11D3-BF4B-00C04F79EFBC}") = "Tyuiu.SafronovVV.Sprint1.Task0.V19", "Tyuiu.SafronovVV.Sprint1.Task0.V19\Tyuiu.SafronovVV.Sprint1.Task0.V19.csproj", "{50789A26-ED4C-4A90-8E27-E131DECFFCA0}"
EndProject
Project("{FAE04EC0-301F-11D3-BF4B-00C04F79EFBC}") = "Tyuiu.SafronovVV.Sprint1.Task0.V19.Lib", "Tyuiu.SafronovVV.Sprint1.Task0.V19.Lib\Tyuiu.SafronovVV.Sprint1.Task0.V19.Lib.csproj", "{D139A13F-3691-4542-8121-134E1CD67C6E}"
EndProject
Project("{FAE04EC0-301F-11D3-BF4B-00C04F79EFBC}") = "Tyuiu.SafronovVV.Sprint1.Task0.V19.Test", "Tyuiu.SafronovVV.Sprint1.Task0.V19.Test\Tyuiu.SafronovVV.Sprint1.Task0.V19.Test.csproj", "{96DCB6C1-27FC-45E5-B7AD-007EEFB09D66}"
EndProject
Project("{2150E333-8FDC-42A3-9474-1A3956D46DE8}") = "Task1", "Task1", "{ADE383E5-BC62-4101-A5C5-84B2DEA9871F}"
EndProject
Project("{FAE04EC0-301F-11D3-BF4B-00C04F79EFBC}") = "Tyuiu.SafronovVV.Sprint1.Task1.V18", "Tyuiu.SafronovVV.Sprint1.Task1.V18\Tyuiu.SafronovVV.Sprint1.Task1.V18.csproj", "{BB2BDDDE-2344-468C-970F-15A7168B4614}"
EndProject
Project("{FAE04EC0-301F-11D3-BF4B-00C04F79EFBC}") = "Tyuiu.SafronovVV.Sprint1.Task1.V18.Lib", "Tyuiu.SafronovVV.Sprint1.Task1.V18.Lib\Tyuiu.SafronovVV.Sprint1.Task1.V18.Lib.csproj", "{89669FCF-A441-47DE-BD58-6DED756CA2C8}"
EndProject
Project("{FAE04EC0-301F-11D3-BF4B-00C04F79EFBC}") = "Tyuiu.SafronovVV.Sprint1.Task1.V18.Test", "Tyuiu.SafronovVV.Sprint1.Task1.V18.Test\Tyuiu.SafronovVV.Sprint1.Task1.V18.Test.csproj", "{7BDD4D97-147D-4D23-B4D0-A4982AC90D60}"
EndProject
Project("{2150E333-8FDC-42A3-9474-1A3956D46DE8}") = "Task2", "Task2", "{3BF4433F-8EF9-4D5C-A1C7-D63D81F27D85}"
EndProject
Project("{FAE04EC0-301F-11D3-BF4B-00C04F79EFBC}") = "Tyuiu.SafronovVV.Sprint1.Task2.V15", "Tyuiu.SafronovVV.Sprint1.Task2.V15\Tyuiu.SafronovVV.Sprint1.Task2.V15.csproj", "{656A4467-EAC5-4C30-BEE4-0DD352B3411E}"
EndProject
Project("{FAE04EC0-301F-11D3-BF4B-00C04F79EFBC}") = "Tyuiu.SafronovVV.Sprint1.Task2.V15.Lib", "Tyuiu.SafronovVV.Sprint1.Task2.V15.Lib\Tyuiu.SafronovVV.Sprint1.Task2.V15.Lib.csproj", "{0F49FDCC-D493-44BA-A872-9C0D60BEA9F4}"
EndProject
Project("{FAE04EC0-301F-11D3-BF4B-00C04F79EFBC}") = "Tyuiu.SafronovVV.Sprint1.Task2.V15.Test", "Tyuiu.SafronovVV.Sprint1.Task2.V15.Test\Tyuiu.SafronovVV.Sprint1.Task2.V15.Test.csproj", "{0DF606A7-1ABE-4A07-ABA5-2BBB145C5D47}"
EndProject
Project("{2150E333-8FDC-42A3-9474-1A3956D46DE8}") = "Task3", "Task3", "{1CF76CD1-F255-47BE-916E-B9632E838722}"
EndProject
Project("{FAE04EC0-301F-11D3-BF4B-00C04F79EFBC}") = "Tyuiu.SafronovVV.Sprint1.Task3.V7", "Tyuiu.SafronovVV.Sprint1.Task3.V7\Tyuiu.SafronovVV.Sprint1.Task3.V7.csproj", "{406C6842-E7AC-4AEF-A624-E9F072D01AA9}"
EndProject
Project("{FAE04EC0-301F-11D3-BF4B-00C04F79EFBC}") = "Tyuiu.SafronovVV.Sprint1.Task3.V7.Lib", "Tyuiu.SafronovVV.Sprint1.Task3.V7.Lib\Tyuiu.SafronovVV.Sprint1.Task3.V7.Lib.csproj", "{0CC1E29E-6661-4DE1-8196-1D935C62BF8F}"
EndProject
Project("{FAE04EC0-301F-11D3-BF4B-00C04F79EFBC}") = "Tyuiu.SafronovVV.Sprint1.Task3.V7.Test", "Tyuiu.SafronovVV.Sprint1.Task3.V7.Test\Tyuiu.SafronovVV.Sprint1.Task3.V7.Test.csproj", "{E072FE05-58BB-4D19-A92E-8FF09D2411B9}"
EndProject
Project("{2150E333-8FDC-42A3-9474-1A3956D46DE8}") = "Task4", "Task4", "{631BBAA4-A258-4516-B5DF-B2C7F5E3B8CC}"
EndProject
Project("{FAE04EC0-301F-11D3-BF4B-00C04F79EFBC}") = "Tyuiu.SafronovVV.Sprint1.Task4.V6", "Tyuiu.SafronovVV.Sprint1.Task4.V6\Tyuiu.SafronovVV.Sprint1.Task4.V6.csproj", "{4140650E-A521-4D7F-B14D-169C36735E1E}"
EndProject
Project("{FAE04EC0-301F-11D3-BF4B-00C04F79EFBC}") = "Tyuiu.SafronovVV.Sprint1.Task4.V6.Lib", "Tyuiu.SafronovVV.Sprint1.Task4.V6.Lib\Tyuiu.SafronovVV.Sprint1.Task4.V6.Lib.csproj", "{BD64E7B2-956D-4386-90E0-434D2033E223}"
EndProject
Project("{FAE04EC0-301F-11D3-BF4B-00C04F79EFBC}") = "Tyuiu.SafronovVV.Sprint1.Task4.V6.Test", "Tyuiu.SafronovVV.Sprint1.Task4.V6.Test\Tyuiu.SafronovVV.Sprint1.Task4.V6.Test.csproj", "{A75AEAB0-49D5-46D4-8561-14975CF9AD46}"
EndProject
Project("{2150E333-8FDC-42A3-9474-1A3956D46DE8}") = "Task5", "Task5", "{E40CFB8E-8C05-4E26-BCE1-D38D8963AA8E}"
EndProject
Project("{FAE04EC0-301F-11D3-BF4B-00C04F79EFBC}") = "Tyuiu.SafronovVV.Sprint1.Task5.V2", "Tyuiu.SafronovVV.Sprint1.Task5.V2\Tyuiu.SafronovVV.Sprint1.Task5.V2.csproj", "{EFB53308-9C20-4A83-BCB2-B6BD0576C4C3}"
EndProject
Project("{FAE04EC0-301F-11D3-BF4B-00C04F79EFBC}") = "Tyuiu.SafronovVV.Sprint1.Task5.V2.Lib", "Tyuiu.SafronovVV.Sprint1.Task5.V2.Lib\Tyuiu.SafronovVV.Sprint1.Task5.V2.Lib.csproj", "{C6B9569E-9775-4307-AF26-03B9B0B7A077}"
EndProject
Project("{FAE04EC0-301F-11D3-BF4B-00C04F79EFBC}") = "Tyuiu.SafronovVV.Sprint1.Task5.V2.Test", "Tyuiu.SafronovVV.Sprint1.Task5.V2.Test\Tyuiu.SafronovVV.Sprint1.Task5.V2.Test.csproj", "{FB93D9F6-D261-43F9-80D5-F1B402FC4290}"
EndProject
Project("{2150E333-8FDC-42A3-9474-1A3956D46DE8}") = "Task6", "Task6", "{A76079AF-9ED4-4B37-A8A2-80AF8E4DB731}"
EndProject
Project("{FAE04EC0-301F-11D3-BF4B-00C04F79EFBC}") = "Tyuiu.SafronovVV.Sprint1.Task6.V7", "Tyuiu.SafronovVV.Sprint1.Task6.V7\Tyuiu.SafronovVV.Sprint1.Task6.V7.csproj", "{F4E01642-88BE-4DFC-BDBC-614526CD7192}"
EndProject
Project("{FAE04EC0-301F-11D3-BF4B-00C04F79EFBC}") = "Tyuiu.SafronovVV.Sprint1.Task6.V7.Lib", "Tyuiu.SafronovVV.Sprint1.Task6.V7.Lib\Tyuiu.SafronovVV.Sprint1.Task6.V7.Lib.csproj", "{DC8B559B-4151-4A6F-A01B-2C535FFC897B}"
EndProject
Project("{FAE04EC0-301F-11D3-BF4B-00C04F79EFBC}") = "Tyuiu.SafronovVV.Sprint1.Task6.V7.Test", "Tyuiu.SafronovVV.Sprint1.Task6.V7.Test\Tyuiu.SafronovVV.Sprint1.Task6.V7.Test.csproj", "{1668D738-2929-4415-BBE3-31CD70E7F7D5}"
EndProject
Project("{2150E333-8FDC-42A3-9474-1A3956D46DE8}") = "Task7", "Task7", "{5356127C-F771-4C5C-87CE-A65D0B3C6275}"
EndProject
Project("{FAE04EC0-301F-11D3-BF4B-00C04F79EFBC}") = "Tyuiu.SafronovVV.Sprint1.Task7.V30", "Tyuiu.SafronovVV.Sprint1.Task7.V30\Tyuiu.SafronovVV.Sprint1.Task7.V30.csproj", "{4E849C76-FD35-4B6E-83BF-EC30724D417C}"
EndProject
Project("{FAE04EC0-301F-11D3-BF4B-00C04F79EFBC}") = "Tyuiu.SafronovVV.Sprint1.Task7.V30.Lib", "Tyuiu.SafronovVV.Sprint1.Task7.V30.Lib\Tyuiu.SafronovVV.Sprint1.Task7.V30.Lib.csproj", "{61803BA6-DAA1-4627-AB62-62B725124CB4}"
EndProject
Project("{FAE04EC0-301F-11D3-BF4B-00C04F79EFBC}") = "Tyuiu.SafronovVV.Sprint1.Task7.V30.Test", "Tyuiu.SafronovVV.Sprint1.Task7.V30.Test\Tyuiu.SafronovVV.Sprint1.Task7.V30.Test.csproj", "{99FB496F-55E3-4A25-AB4F-592BE1538EB9}"
EndProject
Global
	GlobalSection(SolutionConfigurationPlatforms) = preSolution
		Debug|Any CPU = Debug|Any CPU
		Release|Any CPU = Release|Any CPU
	EndGlobalSection
	GlobalSection(ProjectConfigurationPlatforms) = postSolution
		{50789A26-ED4C-4A90-8E27-E131DECFFCA0}.Debug|Any CPU.ActiveCfg = Debug|Any CPU
		{50789A26-ED4C-4A90-8E27-E131DECFFCA0}.Debug|Any CPU.Build.0 = Debug|Any CPU
		{50789A26-ED4C-4A90-8E27-E131DECFFCA0}.Release|Any CPU.ActiveCfg = Release|Any CPU
		{50789A26-ED4C-4A90-8E27-E131DECFFCA0}.Release|Any CPU.Build.0 = Release|Any CPU
		{D139A13F-3691-4542-8121-134E1CD67C6E}.Debug|Any CPU.ActiveCfg = Debug|Any CPU
		{D139A13F-3691-4542-8121-134E1CD67C6E}.Debug|Any CPU.Build.0 = Debug|Any CPU
		{D139A13F-3691-4542-8121-134E1CD67C6E}.Release|Any CPU.ActiveCfg = Release|Any CPU
		{D139A13F-3691-4542-8121-134E1CD67C6E}.Release|Any CPU.Build.0 = Release|Any CPU
		{96DCB6C1-27FC-45E5-B7AD-007EEFB09D66}.Debug|Any CPU.ActiveCfg = Debug|Any CPU
		{96DCB6C1-27FC-45E5-B7AD-007EEFB09D66}.Debug|Any CPU.Build.0 = Debug|Any CPU
		{96DCB6C1-27FC-45E5-B7AD-007EEFB09D66}.Release|Any CPU.ActiveCfg = Release|Any CPU
		{96DCB6C1-27FC-45E5-B7AD-007EEFB09D66}.Release|Any CPU.Build.0 = Release|Any CPU
		{BB2BDDDE-2344-468C-970F-15A7168B4614}.Debug|Any CPU.ActiveCfg = Debug|Any CPU
		{BB2BDDDE-2344-468C-970F-15A7168B4614}.Debug|Any CPU.Build.0 = Debug|Any CPU
		{BB2BDDDE-2344-468C-970F-15A7168B4614}.Release|Any CPU.ActiveCfg = Release|Any CPU
		{BB2BDDDE-2344-468C-970F-15A7168B4614}.Release|Any CPU.Build.0 = Release|Any CPU
		{89669FCF-A441-47DE-BD58-6DED756CA2C8}.Debug|Any CPU.ActiveCfg = Debug|Any CPU
		{89669FCF-A441-47DE-BD58-6DED756CA2C8}.Debug|Any CPU.Build.0 = Debug|Any CPU
		{89669FCF-A441-47DE-BD58-6DED756CA2C8}.Release|Any CPU.ActiveCfg = Release|Any CPU
		{89669FCF-A441-47DE-BD58-6DED756CA2C8}.Release|Any CPU.Build.0 = Release|Any CPU
		{7BDD4D97-147D-4D23-B4D0-A4982AC90D60}.Debug|Any CPU.ActiveCfg = Debug|Any CPU
		{7BDD4D97-147D-4D23-B4D0-A4982AC90D60}.Debug|Any CPU.Build.0 = Debug|Any CPU
		{7BDD4D97-147D-4D23-B4D0-A4982AC90D60}.Release|Any CPU.ActiveCfg = Release|Any CPU
		{7BDD4D97-147D-4D23-B4D0-A4982AC90D60}.Release|Any CPU.Build.0 = Release|Any CPU
		{656A4467-EAC5-4C30-BEE4-0DD352B3411E}.Debug|Any CPU.ActiveCfg = Debug|Any CPU
		{656A4467-EAC5-4C30-BEE4-0DD352B3411E}.Debug|Any CPU.Build.0 = Debug|Any CPU
		{656A4467-EAC5-4C30-BEE4-0DD352B3411E}.Release|Any CPU.ActiveCfg = Release|Any CPU
		{656A4467-EAC5-4C30-BEE4-0DD352B3411E}.Release|Any CPU.Build.0 = Release|Any CPU
		{0F49FDCC-D493-44BA-A872-9C0D60BEA9F4}.Debug|Any CPU.ActiveCfg = Debug|Any CPU
		{0F49FDCC-D493-44BA-A872-9C0D60BEA9F4}.Debug|Any CPU.Build.0 = Debug|Any CPU
		{0F49FDCC-D493-44BA-A872-9C0D60BEA9F4}.Release|Any CPU.ActiveCfg = Release|Any CPU
		{0F49FDCC-D493-44BA-A872-9C0D60BEA9F4}.Release|Any CPU.Build.0 = Release|Any CPU
		{0DF606A7-1ABE-4A07-ABA5-2BBB145C5D47}.Debug|Any CPU.ActiveCfg = Debug|Any CPU
		{0DF606A7-1ABE-4A07-ABA5-2BBB145C5D47}.Debug|Any CPU.Build.0 = Debug|Any CPU
		{0DF606A7-1ABE-4A07-ABA5-2BBB145C5D47}.Release|Any CPU.ActiveCfg = Release|Any CPU
		{0DF606A7-1ABE-4A07-ABA5-2BBB145C5D47}.Release|Any CPU.Build.0 = Release|Any CPU
		{406C6842-E7AC-4AEF-A624-E9F072D01AA9}.Debug|Any CPU.ActiveCfg = Debug|Any CPU
		{406C6842-E7AC-4AEF-A624-E9F072D01AA9}.Debug|Any CPU.Build.0 = Debug|Any CPU
		{406C6842-E7AC-4AEF-A624-E9F072D01AA9}.Release|Any CPU.ActiveCfg = Release|Any CPU
		{406C6842-E7AC-4AEF-A624-E9F072D01AA9}.Release|Any CPU.Build.0 = Release|Any CPU
		{0CC1E29E-6661-4DE1-8196-1D935C62BF8F}.Debug|Any CPU.ActiveCfg = Debug|Any CPU
		{0CC1E29E-6661-4DE1-8196-1D935C62BF8F}.Debug|Any CPU.Build.0 = Debug|Any CPU
		{0CC1E29E-6661-4DE1-8196-1D935C62BF8F}.Release|Any CPU.ActiveCfg = Release|Any CPU
		{0CC1E29E-6661-4DE1-8196-1D935C62BF8F}.Release|Any CPU.Build.0 = Release|Any CPU
		{E072FE05-58BB-4D19-A92E-8FF09D2411B9}.Debug|Any CPU.ActiveCfg = Debug|Any CPU
		{E072FE05-58BB-4D19-A92E-8FF09D2411B9}.Debug|Any CPU.Build.0 = Debug|Any CPU
		{E072FE05-58BB-4D19-A92E-8FF09D2411B9}.Release|Any CPU.ActiveCfg = Release|Any CPU
		{E072FE05-58BB-4D19-A92E-8FF09D2411B9}.Release|Any CPU.Build.0 = Release|Any CPU
		{4140650E-A521-4D7F-B14D-169C36735E1E}.Debug|Any CPU.ActiveCfg = Debug|Any CPU
		{4140650E-A521-4D7F-B14D-169C36735E1E}.Debug|Any CPU.Build.0 = Debug|Any CPU
		{4140650E-A521-4D7F-B14D-169C36735E1E}.Release|Any CPU.ActiveCfg = Release|Any CPU
		{4140650E-A521-4D7F-B14D-169C36735E1E}.Release|Any CPU.Build.0 = Release|Any CPU
		{BD64E7B2-956D-4386-90E0-434D2033E223}.Debug|Any CPU.ActiveCfg = Debug|Any CPU
		{BD64E7B2-956D-4386-90E0-434D2033E223}.Debug|Any CPU.Build.0 = Debug|Any CPU
		{BD64E7B2-956D-4386-90E0-434D2033E223}.Release|Any CPU.ActiveCfg = Release|Any CPU
		{BD64E7B2-956D-4386-90E0-434D2033E223}.Release|Any CPU.Build.0 = Release|Any CPU
		{A75AEAB0-49D5-46D4-8561-14975CF9AD46}.Debug|Any CPU.ActiveCfg = Debug|Any CPU
		{A75AEAB0-49D5-46D4-8561-14975CF9AD46}.Debug|Any CPU.Build.0 = Debug|Any CPU
		{A75AEAB0-49D5-46D4-8561-14975CF9AD46}.Release|Any CPU.ActiveCfg = Release|Any CPU
		{A75AEAB0-49D5-46D4-8561-14975CF9AD46}.Release|Any CPU.Build.0 = Release|Any CPU
		{EFB53308-9C20-4A83-BCB2-B6BD0576C4C3}.Debug|Any CPU.ActiveCfg = Debug|Any CPU
		{EFB53308-9C20-4A83-BCB2-B6BD0576C4C3}.Debug|Any CPU.Build.0 = Debug|Any CPU
		{EFB53308-9C20-4A83-BCB2-B6BD0576C4C3}.Release|Any CPU.ActiveCfg = Release|Any CPU
		{EFB53308-9C20-4A83-BCB2-B6BD0576C4C3}.Release|Any CPU.Build.0 = Release|Any CPU
		{C6B9569E-9775-4307-AF26-03B9B0B7A077}.Debug|Any CPU.ActiveCfg = Debug|Any CPU
		{C6B9569E-9775-4307-AF26-03B9B0B7A077}.Debug|Any CPU.Build.0 = Debug|Any CPU
		{C6B9569E-9775-4307-AF26-03B9B0B7A077}.Release|Any CPU.ActiveCfg = Release|Any CPU
		{C6B9569E-9775-4307-AF26-03B9B0B7A077}.Release|Any CPU.Build.0 = Release|Any CPU
		{FB93D9F6-D261-43F9-80D5-F1B402FC4290}.Debug|Any CPU.ActiveCfg = Debug|Any CPU
		{FB93D9F6-D261-43F9-80D5-F1B402FC4290}.Debug|Any CPU.Build.0 = Debug|Any CPU
		{FB93D9F6-D261-43F9-80D5-F1B402FC4290}.Release|Any CPU.ActiveCfg = Release|Any CPU
		{FB93D9F6-D261-43F9-80D5-F1B402FC4290}.Release|Any CPU.Build.0 = Release|Any CPU
		{F4E01642-88BE-4DFC-BDBC-614526CD7192}.Debug|Any CPU.ActiveCfg = Debug|Any CPU
		{F4E01642-88BE-4DFC-BDBC-614526CD7192}.Debug|Any CPU.Build.0 = Debug|Any CPU
		{F4E01642-88BE-4DFC-BDBC-614526CD7192}.Release|Any CPU.ActiveCfg = Release|Any CPU
		{F4E01642-88BE-4DFC-BDBC-614526CD7192}.Release|Any CPU.Build.0 = Release|Any CPU
		{DC8B559B-4151-4A6F-A01B-2C535FFC897B}.Debug|Any CPU.ActiveCfg = Debug|Any CPU
		{DC8B559B-4151-4A6F-A01B-2C535FFC897B}.Debug|Any CPU.Build.0 = Debug|Any CPU
		{DC8B559B-4151-4A6F-A01B-2C535FFC897B}.Release|Any CPU.ActiveCfg = Release|Any CPU
		{DC8B559B-4151-4A6F-A01B-2C535FFC897B}.Release|Any CPU.Build.0 = Release|Any CPU
		{1668D738-2929-4415-BBE3-31CD70E7F7D5}.Debug|Any CPU.ActiveCfg = Debug|Any CPU
		{1668D738-2929-4415-BBE3-31CD70E7F7D5}.Debug|Any CPU.Build.0 = Debug|Any CPU
		{1668D738-2929-4415-BBE3-31CD70E7F7D5}.Release|Any CPU.ActiveCfg = Release|Any CPU
		{1668D738-2929-4415-BBE3-31CD70E7F7D5}.Release|Any CPU.Build.0 = Release|Any CPU
		{4E849C76-FD35-4B6E-83BF-EC30724D417C}.Debug|Any CPU.ActiveCfg = Debug|Any CPU
		{4E849C76-FD35-4B6E-83BF-EC30724D417C}.Debug|Any CPU.Build.0 = Debug|Any CPU
		{4E849C76-FD35-4B6E-83BF-EC30724D417C}.Release|Any CPU.ActiveCfg = Release|Any CPU
		{4E849C76-FD35-4B6E-83BF-EC30724D417C}.Release|Any CPU.Build.0 = Release|Any CPU
		{61803BA6-DAA1-4627-AB62-62B725124CB4}.Debug|Any CPU.ActiveCfg = Debug|Any CPU
		{61803BA6-DAA1-4627-AB62-62B725124CB4}.Debug|Any CPU.Build.0 = Debug|Any CPU
		{61803BA6-DAA1-4627-AB62-62B725124CB4}.Release|Any CPU.ActiveCfg = Release|Any CPU
		{61803BA6-DAA1-4627-AB62-62B725124CB4}.Release|Any CPU.Build.0 = Release|Any CPU
		{99FB496F-55E3-4A25-AB4F-592BE1538EB9}.Debug|Any CPU.ActiveCfg = Debug|Any CPU
		{99FB496F-55E3-4A25-AB4F-592BE1538EB9}.Debug|Any CPU.Build.0 = Debug|Any CPU
		{99FB496F-55E3-4A25-AB4F-592BE1538EB9}.Release|Any CPU.ActiveCfg = Release|Any CPU
		{99FB496F-55E3-4A25-AB4F-592BE1538EB9}.Release|Any CPU.Build.0 = Release|Any CPU
	EndGlobalSection
	GlobalSection(SolutionProperties) = preSolution
		HideSolutionNode = FALSE
	EndGlobalSection
	GlobalSection(NestedProjects) = preSolution
		{50789A26-ED4C-4A90-8E27-E131DECFFCA0} = {BE5175AF-6179-47F5-A076-04BF9AF1631A}
		{D139A13F-3691-4542-8121-134E1CD67C6E} = {BE5175AF-6179-47F5-A076-04BF9AF1631A}
		{96DCB6C1-27FC-45E5-B7AD-007EEFB09D66} = {BE5175AF-6179-47F5-A076-04BF9AF1631A}
		{BB2BDDDE-2344-468C-970F-15A7168B4614} = {ADE383E5-BC62-4101-A5C5-84B2DEA9871F}
		{89669FCF-A441-47DE-BD58-6DED756CA2C8} = {ADE383E5-BC62-4101-A5C5-84B2DEA9871F}
		{7BDD4D97-147D-4D23-B4D0-A4982AC90D60} = {ADE383E5-BC62-4101-A5C5-84B2DEA9871F}
		{656A4467-EAC5-4C30-BEE4-0DD352B3411E} = {3BF4433F-8EF9-4D5C-A1C7-D63D81F27D85}
		{0F49FDCC-D493-44BA-A872-9C0D60BEA9F4} = {3BF4433F-8EF9-4D5C-A1C7-D63D81F27D85}
		{0DF606A7-1ABE-4A07-ABA5-2BBB145C5D47} = {3BF4433F-8EF9-4D5C-A1C7-D63D81F27D85}
		{406C6842-E7AC-4AEF-A624-E9F072D01AA9} = {1CF76CD1-F255-47BE-916E-B9632E838722}
		{0CC1E29E-6661-4DE1-8196-1D935C62BF8F} = {1CF76CD1-F255-47BE-916E-B9632E838722}
		{E072FE05-58BB-4D19-A92E-8FF09D2411B9} = {1CF76CD1-F255-47BE-916E-B9632E838722}
		{4140650E-A521-4D7F-B14D-169C36735E1E} = {631BBAA4-A258-4516-B5DF-B2C7F5E3B8CC}
		{BD64E7B2-956D-4386-90E0-434D2033E223} = {631BBAA4-A258-4516-B5DF-B2C7F5E3B8CC}
		{A75AEAB0-49D5-46D4-8561-14975CF9AD46} = {631BBAA4-A258-4516-B5DF-B2C7F5E3B8CC}
		{EFB53308-9C20-4A83-BCB2-B6BD0576C4C3} = {E40CFB8E-8C05-4E26-BCE1-D38D8963AA8E}
		{C6B9569E-9775-4307-AF26-03B9B0B7A077} = {E40CFB8E-8C05-4E26-BCE1-D38D8963AA8E}
		{FB93D9F6-D261-43F9-80D5-F1B402FC4290} = {E40CFB8E-8C05-4E26-BCE1-D38D8963AA8E}
		{F4E01642-88BE-4DFC-BDBC-614526CD7192} = {A76079AF-9ED4-4B37-A8A2-80AF8E4DB731}
		{DC8B559B-4151-4A6F-A01B-2C535FFC897B} = {A76079AF-9ED4-4B37-A8A2-80AF8E4DB731}
		{1668D738-2929-4415-BBE3-31CD70E7F7D5} = {A76079AF-9ED4-4B37-A8A2-80AF8E4DB731}
		{4E849C76-FD35-4B6E-83BF-EC30724D417C} = {5356127C-F771-4C5C-87CE-A65D0B3C6275}
		{61803BA6-DAA1-4627-AB62-62B725124CB4} = {5356127C-F771-4C5C-87CE-A65D0B3C6275}
		{99FB496F-55E3-4A25-AB4F-592BE1538EB9} = {5356127C-F771-4C5C-87CE-A65D0B3C6275}
	EndGlobalSection
	GlobalSection(ExtensibilityGlobals) = postSolution
		SolutionGuid = {1F088219-82A4-4BD8-9D6B-868B7793A60D}
	EndGlobalSection
EndGlobal
