
Microsoft Visual Studio Solution File, Format Version 12.00
# Visual Studio Version 16
VisualStudioVersion = 16.0.33927.289
MinimumVisualStudioVersion = 10.0.40219.1
Project("{2150E333-8FDC-42A3-9474-1A3956D46DE8}") = "Task0", "Task0", "{BE5175AF-6179-47F5-A076-04BF9AF1631A}"
EndProject
Project("{FAE04EC0-301F-11D3-BF4B-00C04F79EFBC}") = "Tyuiu.SafronovVV.Sprint1.Task0.V19", "Tyuiu.SafronovVV.Sprint1.Task0.V19\Tyuiu.SafronovVV.Sprint1.Task0.V19.csproj", "{50789A26-ED4C-4A90-8E27-E131DECFFCA0}"
EndProject
Project("{FAE04EC0-301F-11D3-BF4B-00C04F79EFBC}") = "Tyuiu.SafronovVV.Sprint1.Task0.V19.Lib", "Tyuiu.SafronovVV.Sprint1.Task0.V19.Lib\Tyuiu.SafronovVV.Sprint1.Task0.V19.Lib.csproj", "{D139A13F-3691-4542-8121-134E1CD67C6E}"
EndProject
Project("{FAE04EC0-301F-11D3-BF4B-00C04F79EFBC}") = "Tyuiu.SafronovVV.Sprint1.Task0.V19.Test", "Tyuiu.SafronovVV.Sprint1.Task0.V19.Test\Tyuiu.SafronovVV.Sprint1.Task0.V19.Test.csproj", "{96DCB6C1-27FC-45E5-B7AD-007EEFB09D66}"
EndProject
Project("{2150E333-8FDC-42A3-9474-1A3956D46DE8}") = "Task1", "Task1", "{ADE383E5-BC62-4101-A5C5-84B2DEA9871F}"
EndProject
Project("{FAE04EC0-301F-11D3-BF4B-00C04F79EFBC}") = "Tyuiu.SafronovVV.Sprint1.Task1.V18", "Tyuiu.SafronovVV.Sprint1.Task1.V18\Tyuiu.SafronovVV.Sprint1.Task1.V18.csproj", "{BB2BDDDE-2344-468C-970F-15A7168B4614}"
EndProject
Project("{FAE04EC0-301F-11D3-BF4B-00C04F79EFBC}") = "Tyuiu.SafronovVV.Sprint1.Task1.V18.Lib", "Tyuiu.SafronovVV.Sprint1.Task1.V18.Lib\Tyuiu.SafronovVV.Sprint1.Task1.V18.Lib.csproj", "{89669FCF-A441-47DE-BD58-6DED756CA2C8}"
EndProject
Project("{FAE04EC0-301F-11D3-BF4B-00C04F79EFBC}") = "Tyuiu.SafronovVV.Sprint1.Task1.V18.Test", "Tyuiu.SafronovVV.Sprint1.Task1.V18.Test\Tyuiu.SafronovVV.Sprint1.Task1.V18.Test.csproj", "{7BDD4D97-147D-4D23-B4D0-A4982AC90D60}"
EndProject
Project("{2150E333-8FDC-42A3-9474-1A3956D46DE8}") = "Task2", "Task2", "{3BF4433F-8EF9-4D5C-A1C7-D63D81F27D85}"
EndProject
Project("{FAE04EC0-301F-11D3-BF4B-00C04F79EFBC}") = "Tyuiu.SafronovVV.Sprint1.Task2.V15", "Tyuiu.SafronovVV.Sprint1.Task2.V15\Tyuiu.SafronovVV.Sprint1.Task2.V15.csproj", "{656A4467-EAC5-4C30-BEE4-0DD352B3411E}"
EndProject
Project("{FAE04EC0-301F-11D3-BF4B-00C04F79EFBC}") = "Tyuiu.SafronovVV.Sprint1.Task2.V15.Lib", "Tyuiu.SafronovVV.Sprint1.Task2.V15.Lib\Tyuiu.SafronovVV.Sprint1.Task2.V15.Lib.csproj", "{0F49FDCC-D493-44BA-A872-9C0D60BEA9F4}"
EndProject
Project("{FAE04EC0-301F-11D3-BF4B-00C04F79EFBC}") = "Tyuiu.SafronovVV.Sprint1.Task2.V15.Test", "Tyuiu.SafronovVV.Sprint1.Task2.V15.Test\Tyuiu.SafronovVV.Sprint1.Task2.V15.Test.csproj", "{0DF606A7-1ABE-4A07-ABA5-2BBB145C5D47}"
EndProject
Global
	GlobalSection(SolutionConfigurationPlatforms) = preSolution
		Debug|Any CPU = Debug|Any CPU
		Release|Any CPU = Release|Any CPU
	EndGlobalSection
	GlobalSection(ProjectConfigurationPlatforms) = postSolution
		{50789A26-ED4C-4A90-8E27-E131DECFFCA0}.Debug|Any CPU.ActiveCfg = Debug|Any CPU
		{50789A26-ED4C-4A90-8E27-E131DECFFCA0}.Debug|Any CPU.Build.0 = Debug|Any CPU
		{50789A26-ED4C-4A90-8E27-E131DECFFCA0}.Release|Any CPU.ActiveCfg = Release|Any CPU
		{50789A26-ED4C-4A90-8E27-E131DECFFCA0}.Release|Any CPU.Build.0 = Release|Any CPU
		{D139A13F-3691-4542-8121-134E1CD67C6E}.Debug|Any CPU.ActiveCfg = Debug|Any CPU
		{D139A13F-3691-4542-8121-134E1CD67C6E}.Debug|Any CPU.Build.0 = Debug|Any CPU
		{D139A13F-3691-4542-8121-134E1CD67C6E}.Release|Any CPU.ActiveCfg = Release|Any CPU
		{D139A13F-3691-4542-8121-134E1CD67C6E}.Release|Any CPU.Build.0 = Release|Any CPU
		{96DCB6C1-27FC-45E5-B7AD-007EEFB09D66}.Debug|Any CPU.ActiveCfg = Debug|Any CPU
		{96DCB6C1-27FC-45E5-B7AD-007EEFB09D66}.Debug|Any CPU.Build.0 = Debug|Any CPU
		{96DCB6C1-27FC-45E5-B7AD-007EEFB09D66}.Release|Any CPU.ActiveCfg = Release|Any CPU
		{96DCB6C1-27FC-45E5-B7AD-007EEFB09D66}.Release|Any CPU.Build.0 = Release|Any CPU
		{BB2BDDDE-2344-468C-970F-15A7168B4614}.Debug|Any CPU.ActiveCfg = Debug|Any CPU
		{BB2BDDDE-2344-468C-970F-15A7168B4614}.Debug|Any CPU.Build.0 = Debug|Any CPU
		{BB2BDDDE-2344-468C-970F-15A7168B4614}.Release|Any CPU.ActiveCfg = Release|Any CPU
		{BB2BDDDE-2344-468C-970F-15A7168B4614}.Release|Any CPU.Build.0 = Release|Any CPU
		{89669FCF-A441-47DE-BD58-6DED756CA2C8}.Debug|Any CPU.ActiveCfg = Debug|Any CPU
		{89669FCF-A441-47DE-BD58-6DED756CA2C8}.Debug|Any CPU.Build.0 = Debug|Any CPU
		{89669FCF-A441-47DE-BD58-6DED756CA2C8}.Release|Any CPU.ActiveCfg = Release|Any CPU
		{89669FCF-A441-47DE-BD58-6DED756CA2C8}.Release|Any CPU.Build.0 = Release|Any CPU
		{7BDD4D97-147D-4D23-B4D0-A4982AC90D60}.Debug|Any CPU.ActiveCfg = Debug|Any CPU
		{7BDD4D97-147D-4D23-B4D0-A4982AC90D60}.Debug|Any CPU.Build.0 = Debug|Any CPU
		{7BDD4D97-147D-4D23-B4D0-A4982AC90D60}.Release|Any CPU.ActiveCfg = Release|Any CPU
		{7BDD4D97-147D-4D23-B4D0-A4982AC90D60}.Release|Any CPU.Build.0 = Release|Any CPU
		{656A4467-EAC5-4C30-BEE4-0DD352B3411E}.Debug|Any CPU.ActiveCfg = Debug|Any CPU
		{656A4467-EAC5-4C30-BEE4-0DD352B3411E}.Debug|Any CPU.Build.0 = Debug|Any CPU
		{656A4467-EAC5-4C30-BEE4-0DD352B3411E}.Release|Any CPU.ActiveCfg = Release|Any CPU
		{656A4467-EAC5-4C30-BEE4-0DD352B3411E}.Release|Any CPU.Build.0 = Release|Any CPU
		{0F49FDCC-D493-44BA-A872-9C0D60BEA9F4}.Debug|Any CPU.ActiveCfg = Debug|Any CPU
		{0F49FDCC-D493-44BA-A872-9C0D60BEA9F4}.Debug|Any CPU.Build.0 = Debug|Any CPU
		{0F49FDCC-D493-44BA-A872-9C0D60BEA9F4}.Release|Any CPU.ActiveCfg = Release|Any CPU
		{0F49FDCC-D493-44BA-A872-9C0D60BEA9F4}.Release|Any CPU.Build.0 = Release|Any CPU
		{0DF606A7-1ABE-4A07-ABA5-2BBB145C5D47}.Debug|Any CPU.ActiveCfg = Debug|Any CPU
		{0DF606A7-1ABE-4A07-ABA5-2BBB145C5D47}.Debug|Any CPU.Build.0 = Debug|Any CPU
		{0DF606A7-1ABE-4A07-ABA5-2BBB145C5D47}.Release|Any CPU.ActiveCfg = Release|Any CPU
		{0DF606A7-1ABE-4A07-ABA5-2BBB145C5D47}.Release|Any CPU.Build.0 = Release|Any CPU
	EndGlobalSection
	GlobalSection(SolutionProperties) = preSolution
		HideSolutionNode = FALSE
	EndGlobalSection
	GlobalSection(NestedProjects) = preSolution
		{50789A26-ED4C-4A90-8E27-E131DECFFCA0} = {BE5175AF-6179-47F5-A076-04BF9AF1631A}
		{D139A13F-3691-4542-8121-134E1CD67C6E} = {BE5175AF-6179-47F5-A076-04BF9AF1631A}
		{96DCB6C1-27FC-45E5-B7AD-007EEFB09D66} = {BE5175AF-6179-47F5-A076-04BF9AF1631A}
		{BB2BDDDE-2344-468C-970F-15A7168B4614} = {ADE383E5-BC62-4101-A5C5-84B2DEA9871F}
		{89669FCF-A441-47DE-BD58-6DED756CA2C8} = {ADE383E5-BC62-4101-A5C5-84B2DEA9871F}
		{7BDD4D97-147D-4D23-B4D0-A4982AC90D60} = {ADE383E5-BC62-4101-A5C5-84B2DEA9871F}
		{656A4467-EAC5-4C30-BEE4-0DD352B3411E} = {3BF4433F-8EF9-4D5C-A1C7-D63D81F27D85}
		{0F49FDCC-D493-44BA-A872-9C0D60BEA9F4} = {3BF4433F-8EF9-4D5C-A1C7-D63D81F27D85}
		{0DF606A7-1ABE-4A07-ABA5-2BBB145C5D47} = {3BF4433F-8EF9-4D5C-A1C7-D63D81F27D85}
	EndGlobalSection
	GlobalSection(ExtensibilityGlobals) = postSolution
		SolutionGuid = {1F088219-82A4-4BD8-9D6B-868B7793A60D}
	EndGlobalSection
EndGlobal
